
Microsoft Visual Studio Solution File, Format Version 12.00
# Visual Studio Version 17
VisualStudioVersion = 17.6.33829.357
MinimumVisualStudioVersion = 10.0.40219.1
Project("{FAE04EC0-301F-11D3-BF4B-00C04F79EFBC}") = "Api", "Api\Api.csproj", "{3075BF0F-28F6-4AAB-B3A7-401EDEC7A086}"
EndProject
Project("{FAE04EC0-301F-11D3-BF4B-00C04F79EFBC}") = "Infrastructure", "Interfaces\Infrastructure.csproj", "{BB952028-412F-45F0-9C4A-E6239FCD95A4}"
EndProject
Project("{FAE04EC0-301F-11D3-BF4B-00C04F79EFBC}") = "Core", "Core\Core.csproj", "{92E7DACC-4571-4CB5-B4DF-4BAD0BCC5C6E}"
EndProject
Global
	GlobalSection(SolutionConfigurationPlatforms) = preSolution
		Debug|Any CPU = Debug|Any CPU
		Release|Any CPU = Release|Any CPU
	EndGlobalSection
	GlobalSection(ProjectConfigurationPlatforms) = postSolution
		{3075BF0F-28F6-4AAB-B3A7-401EDEC7A086}.Debug|Any CPU.ActiveCfg = Debug|Any CPU
		{3075BF0F-28F6-4AAB-B3A7-401EDEC7A086}.Debug|Any CPU.Build.0 = Debug|Any CPU
		{3075BF0F-28F6-4AAB-B3A7-401EDEC7A086}.Release|Any CPU.ActiveCfg = Release|Any CPU
		{3075BF0F-28F6-4AAB-B3A7-401EDEC7A086}.Release|Any CPU.Build.0 = Release|Any CPU
		{BB952028-412F-45F0-9C4A-E6239FCD95A4}.Debug|Any CPU.ActiveCfg = Debug|Any CPU
		{BB952028-412F-45F0-9C4A-E6239FCD95A4}.Debug|Any CPU.Build.0 = Debug|Any CPU
		{BB952028-412F-45F0-9C4A-E6239FCD95A4}.Release|Any CPU.ActiveCfg = Release|Any CPU
		{BB952028-412F-45F0-9C4A-E6239FCD95A4}.Release|Any CPU.Build.0 = Release|Any CPU
		{92E7DACC-4571-4CB5-B4DF-4BAD0BCC5C6E}.Debug|Any CPU.ActiveCfg = Debug|Any CPU
		{92E7DACC-4571-4CB5-B4DF-4BAD0BCC5C6E}.Debug|Any CPU.Build.0 = Debug|Any CPU
		{92E7DACC-4571-4CB5-B4DF-4BAD0BCC5C6E}.Release|Any CPU.ActiveCfg = Release|Any CPU
		{92E7DACC-4571-4CB5-B4DF-4BAD0BCC5C6E}.Release|Any CPU.Build.0 = Release|Any CPU
	EndGlobalSection
	GlobalSection(SolutionProperties) = preSolution
		HideSolutionNode = FALSE
	EndGlobalSection
	GlobalSection(ExtensibilityGlobals) = postSolution
		SolutionGuid = {98EA3B3E-B88E-4576-ADC9-7E76A5D46451}
	EndGlobalSection
EndGlobal
